
Microsoft Visual Studio Solution File, Format Version 12.00
# Visual Studio 15
VisualStudioVersion = 15.0.27428.2002
MinimumVisualStudioVersion = 10.0.40219.1
Project("{FAE04EC0-301F-11D3-BF4B-00C04F79EFBC}") = "Tabelka", "Tabelka\Tabelka.csproj", "{0DCE52E2-BA9B-4C2F-869F-891158A7AF6F}"
EndProject
Global
	GlobalSection(SolutionConfigurationPlatforms) = preSolution
		Debug|Any CPU = Debug|Any CPU
		Release|Any CPU = Release|Any CPU
	EndGlobalSection
	GlobalSection(ProjectConfigurationPlatforms) = postSolution
		{0DCE52E2-BA9B-4C2F-869F-891158A7AF6F}.Debug|Any CPU.ActiveCfg = Debug|Any CPU
		{0DCE52E2-BA9B-4C2F-869F-891158A7AF6F}.Debug|Any CPU.Build.0 = Debug|Any CPU
		{0DCE52E2-BA9B-4C2F-869F-891158A7AF6F}.Release|Any CPU.ActiveCfg = Release|Any CPU
		{0DCE52E2-BA9B-4C2F-869F-891158A7AF6F}.Release|Any CPU.Build.0 = Release|Any CPU
	EndGlobalSection
	GlobalSection(SolutionProperties) = preSolution
		HideSolutionNode = FALSE
	EndGlobalSection
	GlobalSection(ExtensibilityGlobals) = postSolution
		SolutionGuid = {1A4F72BF-7F04-495A-AFA8-E36588CAE20C}
	EndGlobalSection
EndGlobal
