
Microsoft Visual Studio Solution File, Format Version 12.00
# Visual Studio 15
VisualStudioVersion = 15.0.27428.2002
MinimumVisualStudioVersion = 10.0.40219.1
Project("{FAE04EC0-301F-11D3-BF4B-00C04F79EFBC}") = "Walidacja", "Walidacja\Walidacja.csproj", "{FCA68F5A-AC6A-4B64-9545-054F7A2DCBE8}"
EndProject
Global
	GlobalSection(SolutionConfigurationPlatforms) = preSolution
		Debug|Any CPU = Debug|Any CPU
		Release|Any CPU = Release|Any CPU
	EndGlobalSection
	GlobalSection(ProjectConfigurationPlatforms) = postSolution
		{FCA68F5A-AC6A-4B64-9545-054F7A2DCBE8}.Debug|Any CPU.ActiveCfg = Debug|Any CPU
		{FCA68F5A-AC6A-4B64-9545-054F7A2DCBE8}.Debug|Any CPU.Build.0 = Debug|Any CPU
		{FCA68F5A-AC6A-4B64-9545-054F7A2DCBE8}.Release|Any CPU.ActiveCfg = Release|Any CPU
		{FCA68F5A-AC6A-4B64-9545-054F7A2DCBE8}.Release|Any CPU.Build.0 = Release|Any CPU
	EndGlobalSection
	GlobalSection(SolutionProperties) = preSolution
		HideSolutionNode = FALSE
	EndGlobalSection
	GlobalSection(ExtensibilityGlobals) = postSolution
		SolutionGuid = {82074CD5-6134-4C0C-9B73-F08EDA5A53AD}
	EndGlobalSection
EndGlobal
