
Microsoft Visual Studio Solution File, Format Version 12.00
# Visual Studio 15
VisualStudioVersion = 15.0.27428.1
MinimumVisualStudioVersion = 10.0.40219.1
Project("{FAE04EC0-301F-11D3-BF4B-00C04F79EFBC}") = "Czat", "Czat\Czat.csproj", "{BE9551B6-DA31-4385-A8FB-5E8AECE3DE47}"
EndProject
Project("{FAE04EC0-301F-11D3-BF4B-00C04F79EFBC}") = "Klient", "Klient\Klient.csproj", "{A9A1B88E-03EA-4847-9E86-7745D8F1CFE4}"
EndProject
Global
	GlobalSection(SolutionConfigurationPlatforms) = preSolution
		Debug|Any CPU = Debug|Any CPU
		Release|Any CPU = Release|Any CPU
	EndGlobalSection
	GlobalSection(ProjectConfigurationPlatforms) = postSolution
		{BE9551B6-DA31-4385-A8FB-5E8AECE3DE47}.Debug|Any CPU.ActiveCfg = Debug|Any CPU
		{BE9551B6-DA31-4385-A8FB-5E8AECE3DE47}.Debug|Any CPU.Build.0 = Debug|Any CPU
		{BE9551B6-DA31-4385-A8FB-5E8AECE3DE47}.Release|Any CPU.ActiveCfg = Release|Any CPU
		{BE9551B6-DA31-4385-A8FB-5E8AECE3DE47}.Release|Any CPU.Build.0 = Release|Any CPU
		{A9A1B88E-03EA-4847-9E86-7745D8F1CFE4}.Debug|Any CPU.ActiveCfg = Debug|Any CPU
		{A9A1B88E-03EA-4847-9E86-7745D8F1CFE4}.Debug|Any CPU.Build.0 = Debug|Any CPU
		{A9A1B88E-03EA-4847-9E86-7745D8F1CFE4}.Release|Any CPU.ActiveCfg = Release|Any CPU
		{A9A1B88E-03EA-4847-9E86-7745D8F1CFE4}.Release|Any CPU.Build.0 = Release|Any CPU
	EndGlobalSection
	GlobalSection(SolutionProperties) = preSolution
		HideSolutionNode = FALSE
	EndGlobalSection
	GlobalSection(ExtensibilityGlobals) = postSolution
		SolutionGuid = {59681848-7086-4135-BF33-FFAA241007BB}
	EndGlobalSection
EndGlobal
