
Microsoft Visual Studio Solution File, Format Version 12.00
# Visual Studio 15
VisualStudioVersion = 15.0.27428.2002
MinimumVisualStudioVersion = 10.0.40219.1
Project("{FAE04EC0-301F-11D3-BF4B-00C04F79EFBC}") = "Wykresy", "Wykresy\Wykresy.csproj", "{DC27B0C7-D20A-4ACF-936F-A1607DC2991A}"
EndProject
Global
	GlobalSection(SolutionConfigurationPlatforms) = preSolution
		Debug|Any CPU = Debug|Any CPU
		Release|Any CPU = Release|Any CPU
	EndGlobalSection
	GlobalSection(ProjectConfigurationPlatforms) = postSolution
		{DC27B0C7-D20A-4ACF-936F-A1607DC2991A}.Debug|Any CPU.ActiveCfg = Debug|Any CPU
		{DC27B0C7-D20A-4ACF-936F-A1607DC2991A}.Debug|Any CPU.Build.0 = Debug|Any CPU
		{DC27B0C7-D20A-4ACF-936F-A1607DC2991A}.Release|Any CPU.ActiveCfg = Release|Any CPU
		{DC27B0C7-D20A-4ACF-936F-A1607DC2991A}.Release|Any CPU.Build.0 = Release|Any CPU
	EndGlobalSection
	GlobalSection(SolutionProperties) = preSolution
		HideSolutionNode = FALSE
	EndGlobalSection
	GlobalSection(ExtensibilityGlobals) = postSolution
		SolutionGuid = {82268846-A314-451C-8540-C0D76AA44F49}
	EndGlobalSection
EndGlobal
